
Microsoft Visual Studio Solution File, Format Version 12.00
# Visual Studio Version 16
VisualStudioVersion = 16.0.31410.357
MinimumVisualStudioVersion = 10.0.40219.1
Project("{9A19103F-16F7-4668-BE54-9A1E7A4F7556}") = "FileExplorerApi", "FileExplorerApi.csproj", "{1E2ECDE2-6D73-4751-BFCA-4FB83E9B67F3}"
EndProject
Global
	GlobalSection(SolutionConfigurationPlatforms) = preSolution
		Debug|Any CPU = Debug|Any CPU
		Release|Any CPU = Release|Any CPU
	EndGlobalSection
	GlobalSection(ProjectConfigurationPlatforms) = postSolution
		{1E2ECDE2-6D73-4751-BFCA-4FB83E9B67F3}.Debug|Any CPU.ActiveCfg = Debug|Any CPU
		{1E2ECDE2-6D73-4751-BFCA-4FB83E9B67F3}.Debug|Any CPU.Build.0 = Debug|Any CPU
		{1E2ECDE2-6D73-4751-BFCA-4FB83E9B67F3}.Release|Any CPU.ActiveCfg = Release|Any CPU
		{1E2ECDE2-6D73-4751-BFCA-4FB83E9B67F3}.Release|Any CPU.Build.0 = Release|Any CPU
	EndGlobalSection
	GlobalSection(SolutionProperties) = preSolution
		HideSolutionNode = FALSE
	EndGlobalSection
	GlobalSection(ExtensibilityGlobals) = postSolution
		SolutionGuid = {3065C316-E402-47D5-A023-C75D5883260E}
	EndGlobalSection
EndGlobal
